
Microsoft Visual Studio Solution File, Format Version 12.00
# Visual Studio Version 17
VisualStudioVersion = 17.7.34031.279
MinimumVisualStudioVersion = 10.0.40219.1
Project("{FAE04EC0-301F-11D3-BF4B-00C04F79EFBC}") = "CSHARPTut040.Yield", "CSHARPTut040.Yield\CSHARPTut040.Yield.csproj", "{79D7B436-CDDF-4F07-AF81-E68E518198A1}"
EndProject
Project("{FAE04EC0-301F-11D3-BF4B-00C04F79EFBC}") = "CSHARPTut040.Foreach", "CSHARPTut040.Foreach\CSHARPTut040.Foreach.csproj", "{4695FB0E-A3F3-41E4-BA28-ABBA840DA838}"
EndProject
Global
	GlobalSection(SolutionConfigurationPlatforms) = preSolution
		Debug|Any CPU = Debug|Any CPU
		Release|Any CPU = Release|Any CPU
	EndGlobalSection
	GlobalSection(ProjectConfigurationPlatforms) = postSolution
		{79D7B436-CDDF-4F07-AF81-E68E518198A1}.Debug|Any CPU.ActiveCfg = Debug|Any CPU
		{79D7B436-CDDF-4F07-AF81-E68E518198A1}.Debug|Any CPU.Build.0 = Debug|Any CPU
		{79D7B436-CDDF-4F07-AF81-E68E518198A1}.Release|Any CPU.ActiveCfg = Release|Any CPU
		{79D7B436-CDDF-4F07-AF81-E68E518198A1}.Release|Any CPU.Build.0 = Release|Any CPU
		{4695FB0E-A3F3-41E4-BA28-ABBA840DA838}.Debug|Any CPU.ActiveCfg = Debug|Any CPU
		{4695FB0E-A3F3-41E4-BA28-ABBA840DA838}.Debug|Any CPU.Build.0 = Debug|Any CPU
		{4695FB0E-A3F3-41E4-BA28-ABBA840DA838}.Release|Any CPU.ActiveCfg = Release|Any CPU
		{4695FB0E-A3F3-41E4-BA28-ABBA840DA838}.Release|Any CPU.Build.0 = Release|Any CPU
	EndGlobalSection
	GlobalSection(SolutionProperties) = preSolution
		HideSolutionNode = FALSE
	EndGlobalSection
	GlobalSection(ExtensibilityGlobals) = postSolution
		SolutionGuid = {FB1355BE-3751-4C0B-A3CA-77077B86F521}
	EndGlobalSection
EndGlobal
